// !$*UTF8*$!
{
	archiveVersion = 1;
	classes = {
	};
	objectVersion = 56;
	objects = {

/* Begin PBXBuildFile section */
		549A63BB2BC302A300C536B3 /* SettingView.swift in Sources */ = {isa = PBXBuildFile; fileRef = 549A63BA2BC302A300C536B3 /* SettingView.swift */; };
		549A63BD2BC302E900C536B3 /* LogView.swift in Sources */ = {isa = PBXBuildFile; fileRef = 549A63BC2BC302E900C536B3 /* LogView.swift */; };
		549A63C52BC32DEB00C536B3 /* LogItemView.swift in Sources */ = {isa = PBXBuildFile; fileRef = 549A63C42BC32DEB00C536B3 /* LogItemView.swift */; };
		549A63C72BC3352800C536B3 /* Assets.xcassets in Resources */ = {isa = PBXBuildFile; fileRef = 54B9F23D2B66A34A00DE5A38 /* Assets.xcassets */; };
		549A63CB2BCC060100C536B3 /* LogHeaderView.swift in Sources */ = {isa = PBXBuildFile; fileRef = 549A63CA2BCC060100C536B3 /* LogHeaderView.swift */; };
		54B9F23A2B66A34800DE5A38 /* CurlingTimerApp.swift in Sources */ = {isa = PBXBuildFile; fileRef = 54B9F2392B66A34800DE5A38 /* CurlingTimerApp.swift */; };
		54B9F23C2B66A34800DE5A38 /* ContentView.swift in Sources */ = {isa = PBXBuildFile; fileRef = 54B9F23B2B66A34800DE5A38 /* ContentView.swift */; };
		54B9F2412B66A34A00DE5A38 /* Preview Assets.xcassets in Resources */ = {isa = PBXBuildFile; fileRef = 54B9F2402B66A34A00DE5A38 /* Preview Assets.xcassets */; };
		54B9F2472B66A34A00DE5A38 /* CurlingTimer Watch App.app in Embed Watch Content */ = {isa = PBXBuildFile; fileRef = 54B9F2462B66A34A00DE5A38 /* CurlingTimer Watch App.app */; settings = {ATTRIBUTES = (RemoveHeadersOnCopy, ); }; };
		54B9F24C2B66A34A00DE5A38 /* CurlingTimerApp.swift in Sources */ = {isa = PBXBuildFile; fileRef = 54B9F24B2B66A34A00DE5A38 /* CurlingTimerApp.swift */; };
		54B9F24E2B66A34A00DE5A38 /* ContentView.swift in Sources */ = {isa = PBXBuildFile; fileRef = 54B9F24D2B66A34A00DE5A38 /* ContentView.swift */; };
		54B9F2502B66A34B00DE5A38 /* Assets.xcassets in Resources */ = {isa = PBXBuildFile; fileRef = 54B9F24F2B66A34B00DE5A38 /* Assets.xcassets */; };
		54B9F2532B66A34B00DE5A38 /* Preview Assets.xcassets in Resources */ = {isa = PBXBuildFile; fileRef = 54B9F2522B66A34B00DE5A38 /* Preview Assets.xcassets */; };
		54B9F25F2B66A37600DE5A38 /* LogModel.swift in Sources */ = {isa = PBXBuildFile; fileRef = 54B9F25D2B66A37500DE5A38 /* LogModel.swift */; };
		54B9F2602B66A37600DE5A38 /* ClockModel.swift in Sources */ = {isa = PBXBuildFile; fileRef = 54B9F25E2B66A37500DE5A38 /* ClockModel.swift */; };
		54B9F2642B66A38D00DE5A38 /* SettingView.swift in Sources */ = {isa = PBXBuildFile; fileRef = 54B9F2612B66A38D00DE5A38 /* SettingView.swift */; };
		54B9F2652B66A38D00DE5A38 /* LogView.swift in Sources */ = {isa = PBXBuildFile; fileRef = 54B9F2622B66A38D00DE5A38 /* LogView.swift */; };
		54B9F2662B66A38D00DE5A38 /* LogItemView.swift in Sources */ = {isa = PBXBuildFile; fileRef = 54B9F2632B66A38D00DE5A38 /* LogItemView.swift */; };
		54B9F2682B66A3A300DE5A38 /* ClockView.swift in Sources */ = {isa = PBXBuildFile; fileRef = 54B9F2672B66A3A300DE5A38 /* ClockView.swift */; };
		54E658DF2BBC6DA500DE062A /* ClockView.swift in Sources */ = {isa = PBXBuildFile; fileRef = 54E658DE2BBC6DA500DE062A /* ClockView.swift */; };
		54E658E12BBC6E3900DE062A /* InfoView.swift in Sources */ = {isa = PBXBuildFile; fileRef = 54E658E02BBC6E3900DE062A /* InfoView.swift */; };
		54E658E22BC040FD00DE062A /* ClockModel.swift in Sources */ = {isa = PBXBuildFile; fileRef = 54B9F25E2B66A37500DE5A38 /* ClockModel.swift */; };
		54E658E32BC0410400DE062A /* LogModel.swift in Sources */ = {isa = PBXBuildFile; fileRef = 54B9F25D2B66A37500DE5A38 /* LogModel.swift */; };
		54FEDB012CBAE56A002BAE2B /* LogHeaderView.swift in Sources */ = {isa = PBXBuildFile; fileRef = 54FEDB002CBAE56A002BAE2B /* LogHeaderView.swift */; };
/* End PBXBuildFile section */

/* Begin PBXContainerItemProxy section */
		54B9F2482B66A34A00DE5A38 /* PBXContainerItemProxy */ = {
			isa = PBXContainerItemProxy;
			containerPortal = 54B9F22E2B66A34800DE5A38 /* Project object */;
			proxyType = 1;
			remoteGlobalIDString = 54B9F2452B66A34A00DE5A38;
			remoteInfo = "CurlingTimer Watch App";
		};
/* End PBXContainerItemProxy section */

/* Begin PBXCopyFilesBuildPhase section */
		54B9F2592B66A34B00DE5A38 /* Embed Watch Content */ = {
			isa = PBXCopyFilesBuildPhase;
			buildActionMask = 2147483647;
			dstPath = "$(CONTENTS_FOLDER_PATH)/Watch";
			dstSubfolderSpec = 16;
			files = (
				54B9F2472B66A34A00DE5A38 /* CurlingTimer Watch App.app in Embed Watch Content */,
			);
			name = "Embed Watch Content";
			runOnlyForDeploymentPostprocessing = 0;
		};
/* End PBXCopyFilesBuildPhase section */

/* Begin PBXFileReference section */
		549A63BA2BC302A300C536B3 /* SettingView.swift */ = {isa = PBXFileReference; lastKnownFileType = sourcecode.swift; path = SettingView.swift; sourceTree = "<group>"; };
		549A63BC2BC302E900C536B3 /* LogView.swift */ = {isa = PBXFileReference; lastKnownFileType = sourcecode.swift; path = LogView.swift; sourceTree = "<group>"; };
		549A63C42BC32DEB00C536B3 /* LogItemView.swift */ = {isa = PBXFileReference; lastKnownFileType = sourcecode.swift; path = LogItemView.swift; sourceTree = "<group>"; };
		549A63CA2BCC060100C536B3 /* LogHeaderView.swift */ = {isa = PBXFileReference; lastKnownFileType = sourcecode.swift; path = LogHeaderView.swift; sourceTree = "<group>"; };
		54B9F2362B66A34800DE5A38 /* CurlingTimer.app */ = {isa = PBXFileReference; explicitFileType = wrapper.application; includeInIndex = 0; path = CurlingTimer.app; sourceTree = BUILT_PRODUCTS_DIR; };
		54B9F2392B66A34800DE5A38 /* CurlingTimerApp.swift */ = {isa = PBXFileReference; lastKnownFileType = sourcecode.swift; path = CurlingTimerApp.swift; sourceTree = "<group>"; };
		54B9F23B2B66A34800DE5A38 /* ContentView.swift */ = {isa = PBXFileReference; lastKnownFileType = sourcecode.swift; path = ContentView.swift; sourceTree = "<group>"; };
		54B9F23D2B66A34A00DE5A38 /* Assets.xcassets */ = {isa = PBXFileReference; lastKnownFileType = folder.assetcatalog; path = Assets.xcassets; sourceTree = "<group>"; };
		54B9F2402B66A34A00DE5A38 /* Preview Assets.xcassets */ = {isa = PBXFileReference; lastKnownFileType = folder.assetcatalog; path = "Preview Assets.xcassets"; sourceTree = "<group>"; };
		54B9F2462B66A34A00DE5A38 /* CurlingTimer Watch App.app */ = {isa = PBXFileReference; explicitFileType = wrapper.application; includeInIndex = 0; path = "CurlingTimer Watch App.app"; sourceTree = BUILT_PRODUCTS_DIR; };
		54B9F24B2B66A34A00DE5A38 /* CurlingTimerApp.swift */ = {isa = PBXFileReference; lastKnownFileType = sourcecode.swift; path = CurlingTimerApp.swift; sourceTree = "<group>"; };
		54B9F24D2B66A34A00DE5A38 /* ContentView.swift */ = {isa = PBXFileReference; lastKnownFileType = sourcecode.swift; path = ContentView.swift; sourceTree = "<group>"; };
		54B9F24F2B66A34B00DE5A38 /* Assets.xcassets */ = {isa = PBXFileReference; lastKnownFileType = folder.assetcatalog; path = Assets.xcassets; sourceTree = "<group>"; };
		54B9F2522B66A34B00DE5A38 /* Preview Assets.xcassets */ = {isa = PBXFileReference; lastKnownFileType = folder.assetcatalog; path = "Preview Assets.xcassets"; sourceTree = "<group>"; };
		54B9F25D2B66A37500DE5A38 /* LogModel.swift */ = {isa = PBXFileReference; fileEncoding = 4; lastKnownFileType = sourcecode.swift; path = LogModel.swift; sourceTree = "<group>"; };
		54B9F25E2B66A37500DE5A38 /* ClockModel.swift */ = {isa = PBXFileReference; fileEncoding = 4; lastKnownFileType = sourcecode.swift; path = ClockModel.swift; sourceTree = "<group>"; };
		54B9F2612B66A38D00DE5A38 /* SettingView.swift */ = {isa = PBXFileReference; fileEncoding = 4; lastKnownFileType = sourcecode.swift; path = SettingView.swift; sourceTree = "<group>"; };
		54B9F2622B66A38D00DE5A38 /* LogView.swift */ = {isa = PBXFileReference; fileEncoding = 4; lastKnownFileType = sourcecode.swift; path = LogView.swift; sourceTree = "<group>"; };
		54B9F2632B66A38D00DE5A38 /* LogItemView.swift */ = {isa = PBXFileReference; fileEncoding = 4; lastKnownFileType = sourcecode.swift; path = LogItemView.swift; sourceTree = "<group>"; };
		54B9F2672B66A3A300DE5A38 /* ClockView.swift */ = {isa = PBXFileReference; fileEncoding = 4; lastKnownFileType = sourcecode.swift; path = ClockView.swift; sourceTree = "<group>"; };
		54E658DE2BBC6DA500DE062A /* ClockView.swift */ = {isa = PBXFileReference; lastKnownFileType = sourcecode.swift; path = ClockView.swift; sourceTree = "<group>"; };
		54E658E02BBC6E3900DE062A /* InfoView.swift */ = {isa = PBXFileReference; lastKnownFileType = sourcecode.swift; path = InfoView.swift; sourceTree = "<group>"; };
		54FEDB002CBAE56A002BAE2B /* LogHeaderView.swift */ = {isa = PBXFileReference; lastKnownFileType = sourcecode.swift; path = LogHeaderView.swift; sourceTree = "<group>"; };
/* End PBXFileReference section */

/* Begin PBXFrameworksBuildPhase section */
		54B9F2332B66A34800DE5A38 /* Frameworks */ = {
			isa = PBXFrameworksBuildPhase;
			buildActionMask = 2147483647;
			files = (
			);
			runOnlyForDeploymentPostprocessing = 0;
		};
		54B9F2432B66A34A00DE5A38 /* Frameworks */ = {
			isa = PBXFrameworksBuildPhase;
			buildActionMask = 2147483647;
			files = (
			);
			runOnlyForDeploymentPostprocessing = 0;
		};
/* End PBXFrameworksBuildPhase section */

/* Begin PBXGroup section */
		54B9F22D2B66A34800DE5A38 = {
			isa = PBXGroup;
			children = (
				54E658DD2B78E70700DE062A /* Model */,
				54B9F2382B66A34800DE5A38 /* CurlingTimer */,
				54B9F24A2B66A34A00DE5A38 /* CurlingTimer Watch App */,
				54B9F2372B66A34800DE5A38 /* Products */,
			);
			sourceTree = "<group>";
		};
		54B9F2372B66A34800DE5A38 /* Products */ = {
			isa = PBXGroup;
			children = (
				54B9F2362B66A34800DE5A38 /* CurlingTimer.app */,
				54B9F2462B66A34A00DE5A38 /* CurlingTimer Watch App.app */,
			);
			name = Products;
			sourceTree = "<group>";
		};
		54B9F2382B66A34800DE5A38 /* CurlingTimer */ = {
			isa = PBXGroup;
			children = (
				54B9F2392B66A34800DE5A38 /* CurlingTimerApp.swift */,
				54B9F23B2B66A34800DE5A38 /* ContentView.swift */,
				54E658DE2BBC6DA500DE062A /* ClockView.swift */,
				54E658E02BBC6E3900DE062A /* InfoView.swift */,
				549A63BA2BC302A300C536B3 /* SettingView.swift */,
				549A63BC2BC302E900C536B3 /* LogView.swift */,
				549A63C42BC32DEB00C536B3 /* LogItemView.swift */,
				549A63CA2BCC060100C536B3 /* LogHeaderView.swift */,
				54B9F23D2B66A34A00DE5A38 /* Assets.xcassets */,
				54B9F23F2B66A34A00DE5A38 /* Preview Content */,
			);
			path = CurlingTimer;
			sourceTree = "<group>";
		};
		54B9F23F2B66A34A00DE5A38 /* Preview Content */ = {
			isa = PBXGroup;
			children = (
				54B9F2402B66A34A00DE5A38 /* Preview Assets.xcassets */,
			);
			path = "Preview Content";
			sourceTree = "<group>";
		};
		54B9F24A2B66A34A00DE5A38 /* CurlingTimer Watch App */ = {
			isa = PBXGroup;
			children = (
				54B9F24B2B66A34A00DE5A38 /* CurlingTimerApp.swift */,
				54B9F24D2B66A34A00DE5A38 /* ContentView.swift */,
				54B9F2672B66A3A300DE5A38 /* ClockView.swift */,
				54B9F2622B66A38D00DE5A38 /* LogView.swift */,
				54FEDB002CBAE56A002BAE2B /* LogHeaderView.swift */,
				54B9F2632B66A38D00DE5A38 /* LogItemView.swift */,
				54B9F2612B66A38D00DE5A38 /* SettingView.swift */,
				54B9F24F2B66A34B00DE5A38 /* Assets.xcassets */,
				54B9F2512B66A34B00DE5A38 /* Preview Content */,
			);
			path = "CurlingTimer Watch App";
			sourceTree = "<group>";
		};
		54B9F2512B66A34B00DE5A38 /* Preview Content */ = {
			isa = PBXGroup;
			children = (
				54B9F2522B66A34B00DE5A38 /* Preview Assets.xcassets */,
			);
			path = "Preview Content";
			sourceTree = "<group>";
		};
		54E658DD2B78E70700DE062A /* Model */ = {
			isa = PBXGroup;
			children = (
				54B9F25E2B66A37500DE5A38 /* ClockModel.swift */,
				54B9F25D2B66A37500DE5A38 /* LogModel.swift */,
			);
			path = Model;
			sourceTree = "<group>";
		};
/* End PBXGroup section */

/* Begin PBXNativeTarget section */
		54B9F2352B66A34800DE5A38 /* CurlingTimer */ = {
			isa = PBXNativeTarget;
			buildConfigurationList = 54B9F25A2B66A34B00DE5A38 /* Build configuration list for PBXNativeTarget "CurlingTimer" */;
			buildPhases = (
				54B9F2322B66A34800DE5A38 /* Sources */,
				54B9F2332B66A34800DE5A38 /* Frameworks */,
				54B9F2342B66A34800DE5A38 /* Resources */,
				54B9F2592B66A34B00DE5A38 /* Embed Watch Content */,
			);
			buildRules = (
			);
			dependencies = (
				54B9F2492B66A34A00DE5A38 /* PBXTargetDependency */,
			);
			name = CurlingTimer;
			productName = CurlingTimer;
			productReference = 54B9F2362B66A34800DE5A38 /* CurlingTimer.app */;
			productType = "com.apple.product-type.application";
		};
		54B9F2452B66A34A00DE5A38 /* CurlingTimer Watch App */ = {
			isa = PBXNativeTarget;
			buildConfigurationList = 54B9F2562B66A34B00DE5A38 /* Build configuration list for PBXNativeTarget "CurlingTimer Watch App" */;
			buildPhases = (
				54B9F2422B66A34A00DE5A38 /* Sources */,
				54B9F2432B66A34A00DE5A38 /* Frameworks */,
				54B9F2442B66A34A00DE5A38 /* Resources */,
			);
			buildRules = (
			);
			dependencies = (
			);
			name = "CurlingTimer Watch App";
			productName = "CurlingTimer Watch App";
			productReference = 54B9F2462B66A34A00DE5A38 /* CurlingTimer Watch App.app */;
			productType = "com.apple.product-type.application";
		};
/* End PBXNativeTarget section */

/* Begin PBXProject section */
		54B9F22E2B66A34800DE5A38 /* Project object */ = {
			isa = PBXProject;
			attributes = {
				BuildIndependentTargetsInParallel = 1;
				LastSwiftUpdateCheck = 1520;
				LastUpgradeCheck = 1530;
				TargetAttributes = {
					54B9F2352B66A34800DE5A38 = {
						CreatedOnToolsVersion = 15.2;
					};
					54B9F2452B66A34A00DE5A38 = {
						CreatedOnToolsVersion = 15.2;
					};
				};
			};
			buildConfigurationList = 54B9F2312B66A34800DE5A38 /* Build configuration list for PBXProject "CurlingTimer" */;
			compatibilityVersion = "Xcode 14.0";
			developmentRegion = en;
			hasScannedForEncodings = 0;
			knownRegions = (
				en,
				Base,
			);
			mainGroup = 54B9F22D2B66A34800DE5A38;
			productRefGroup = 54B9F2372B66A34800DE5A38 /* Products */;
			projectDirPath = "";
			projectRoot = "";
			targets = (
				54B9F2352B66A34800DE5A38 /* CurlingTimer */,
				54B9F2452B66A34A00DE5A38 /* CurlingTimer Watch App */,
			);
		};
/* End PBXProject section */

/* Begin PBXResourcesBuildPhase section */
		54B9F2342B66A34800DE5A38 /* Resources */ = {
			isa = PBXResourcesBuildPhase;
			buildActionMask = 2147483647;
			files = (
				549A63C72BC3352800C536B3 /* Assets.xcassets in Resources */,
				54B9F2412B66A34A00DE5A38 /* Preview Assets.xcassets in Resources */,
			);
			runOnlyForDeploymentPostprocessing = 0;
		};
		54B9F2442B66A34A00DE5A38 /* Resources */ = {
			isa = PBXResourcesBuildPhase;
			buildActionMask = 2147483647;
			files = (
				54B9F2532B66A34B00DE5A38 /* Preview Assets.xcassets in Resources */,
				54B9F2502B66A34B00DE5A38 /* Assets.xcassets in Resources */,
			);
			runOnlyForDeploymentPostprocessing = 0;
		};
/* End PBXResourcesBuildPhase section */

/* Begin PBXSourcesBuildPhase section */
		54B9F2322B66A34800DE5A38 /* Sources */ = {
			isa = PBXSourcesBuildPhase;
			buildActionMask = 2147483647;
			files = (
				54E658E32BC0410400DE062A /* LogModel.swift in Sources */,
				54E658E22BC040FD00DE062A /* ClockModel.swift in Sources */,
				54E658E12BBC6E3900DE062A /* InfoView.swift in Sources */,
				549A63C52BC32DEB00C536B3 /* LogItemView.swift in Sources */,
				549A63BB2BC302A300C536B3 /* SettingView.swift in Sources */,
				54B9F23C2B66A34800DE5A38 /* ContentView.swift in Sources */,
				549A63CB2BCC060100C536B3 /* LogHeaderView.swift in Sources */,
				549A63BD2BC302E900C536B3 /* LogView.swift in Sources */,
				54E658DF2BBC6DA500DE062A /* ClockView.swift in Sources */,
				54B9F23A2B66A34800DE5A38 /* CurlingTimerApp.swift in Sources */,
			);
			runOnlyForDeploymentPostprocessing = 0;
		};
		54B9F2422B66A34A00DE5A38 /* Sources */ = {
			isa = PBXSourcesBuildPhase;
			buildActionMask = 2147483647;
			files = (
				54B9F2602B66A37600DE5A38 /* ClockModel.swift in Sources */,
				54B9F2682B66A3A300DE5A38 /* ClockView.swift in Sources */,
				54FEDB012CBAE56A002BAE2B /* LogHeaderView.swift in Sources */,
				54B9F2652B66A38D00DE5A38 /* LogView.swift in Sources */,
				54B9F2662B66A38D00DE5A38 /* LogItemView.swift in Sources */,
				54B9F2642B66A38D00DE5A38 /* SettingView.swift in Sources */,
				54B9F24E2B66A34A00DE5A38 /* ContentView.swift in Sources */,
				54B9F24C2B66A34A00DE5A38 /* CurlingTimerApp.swift in Sources */,
				54B9F25F2B66A37600DE5A38 /* LogModel.swift in Sources */,
			);
			runOnlyForDeploymentPostprocessing = 0;
		};
/* End PBXSourcesBuildPhase section */

/* Begin PBXTargetDependency section */
		54B9F2492B66A34A00DE5A38 /* PBXTargetDependency */ = {
			isa = PBXTargetDependency;
			target = 54B9F2452B66A34A00DE5A38 /* CurlingTimer Watch App */;
			targetProxy = 54B9F2482B66A34A00DE5A38 /* PBXContainerItemProxy */;
		};
/* End PBXTargetDependency section */

/* Begin XCBuildConfiguration section */
		54B9F2542B66A34B00DE5A38 /* Debug */ = {
			isa = XCBuildConfiguration;
			buildSettings = {
				ALWAYS_SEARCH_USER_PATHS = NO;
				ASSETCATALOG_COMPILER_GENERATE_SWIFT_ASSET_SYMBOL_EXTENSIONS = YES;
				CLANG_ANALYZER_NONNULL = YES;
				CLANG_ANALYZER_NUMBER_OBJECT_CONVERSION = YES_AGGRESSIVE;
				CLANG_CXX_LANGUAGE_STANDARD = "gnu++20";
				CLANG_ENABLE_MODULES = YES;
				CLANG_ENABLE_OBJC_ARC = YES;
				CLANG_ENABLE_OBJC_WEAK = YES;
				CLANG_WARN_BLOCK_CAPTURE_AUTORELEASING = YES;
				CLANG_WARN_BOOL_CONVERSION = YES;
				CLANG_WARN_COMMA = YES;
				CLANG_WARN_CONSTANT_CONVERSION = YES;
				CLANG_WARN_DEPRECATED_OBJC_IMPLEMENTATIONS = YES;
				CLANG_WARN_DIRECT_OBJC_ISA_USAGE = YES_ERROR;
				CLANG_WARN_DOCUMENTATION_COMMENTS = YES;
				CLANG_WARN_EMPTY_BODY = YES;
				CLANG_WARN_ENUM_CONVERSION = YES;
				CLANG_WARN_INFINITE_RECURSION = YES;
				CLANG_WARN_INT_CONVERSION = YES;
				CLANG_WARN_NON_LITERAL_NULL_CONVERSION = YES;
				CLANG_WARN_OBJC_IMPLICIT_RETAIN_SELF = YES;
				CLANG_WARN_OBJC_LITERAL_CONVERSION = YES;
				CLANG_WARN_OBJC_ROOT_CLASS = YES_ERROR;
				CLANG_WARN_QUOTED_INCLUDE_IN_FRAMEWORK_HEADER = YES;
				CLANG_WARN_RANGE_LOOP_ANALYSIS = YES;
				CLANG_WARN_STRICT_PROTOTYPES = YES;
				CLANG_WARN_SUSPICIOUS_MOVE = YES;
				CLANG_WARN_UNGUARDED_AVAILABILITY = YES_AGGRESSIVE;
				CLANG_WARN_UNREACHABLE_CODE = YES;
				CLANG_WARN__DUPLICATE_METHOD_MATCH = YES;
				COPY_PHASE_STRIP = NO;
				DEAD_CODE_STRIPPING = YES;
				DEBUG_INFORMATION_FORMAT = dwarf;
				ENABLE_STRICT_OBJC_MSGSEND = YES;
				ENABLE_TESTABILITY = YES;
				ENABLE_USER_SCRIPT_SANDBOXING = YES;
				GCC_C_LANGUAGE_STANDARD = gnu17;
				GCC_DYNAMIC_NO_PIC = NO;
				GCC_NO_COMMON_BLOCKS = YES;
				GCC_OPTIMIZATION_LEVEL = 0;
				GCC_PREPROCESSOR_DEFINITIONS = (
					"DEBUG=1",
					"$(inherited)",
				);
				GCC_WARN_64_TO_32_BIT_CONVERSION = YES;
				GCC_WARN_ABOUT_RETURN_TYPE = YES_ERROR;
				GCC_WARN_UNDECLARED_SELECTOR = YES;
				GCC_WARN_UNINITIALIZED_AUTOS = YES_AGGRESSIVE;
				GCC_WARN_UNUSED_FUNCTION = YES;
				GCC_WARN_UNUSED_VARIABLE = YES;
				IPHONEOS_DEPLOYMENT_TARGET = 17.0;
				LOCALIZATION_PREFERS_STRING_CATALOGS = YES;
				MTL_ENABLE_DEBUG_INFO = INCLUDE_SOURCE;
				MTL_FAST_MATH = YES;
				ONLY_ACTIVE_ARCH = YES;
				SWIFT_ACTIVE_COMPILATION_CONDITIONS = "DEBUG $(inherited)";
				SWIFT_OPTIMIZATION_LEVEL = "-Onone";
				WATCHOS_DEPLOYMENT_TARGET = 10.0;
			};
			name = Debug;
		};
		54B9F2552B66A34B00DE5A38 /* Release */ = {
			isa = XCBuildConfiguration;
			buildSettings = {
				ALWAYS_SEARCH_USER_PATHS = NO;
				ASSETCATALOG_COMPILER_GENERATE_SWIFT_ASSET_SYMBOL_EXTENSIONS = YES;
				CLANG_ANALYZER_NONNULL = YES;
				CLANG_ANALYZER_NUMBER_OBJECT_CONVERSION = YES_AGGRESSIVE;
				CLANG_CXX_LANGUAGE_STANDARD = "gnu++20";
				CLANG_ENABLE_MODULES = YES;
				CLANG_ENABLE_OBJC_ARC = YES;
				CLANG_ENABLE_OBJC_WEAK = YES;
				CLANG_WARN_BLOCK_CAPTURE_AUTORELEASING = YES;
				CLANG_WARN_BOOL_CONVERSION = YES;
				CLANG_WARN_COMMA = YES;
				CLANG_WARN_CONSTANT_CONVERSION = YES;
				CLANG_WARN_DEPRECATED_OBJC_IMPLEMENTATIONS = YES;
				CLANG_WARN_DIRECT_OBJC_ISA_USAGE = YES_ERROR;
				CLANG_WARN_DOCUMENTATION_COMMENTS = YES;
				CLANG_WARN_EMPTY_BODY = YES;
				CLANG_WARN_ENUM_CONVERSION = YES;
				CLANG_WARN_INFINITE_RECURSION = YES;
				CLANG_WARN_INT_CONVERSION = YES;
				CLANG_WARN_NON_LITERAL_NULL_CONVERSION = YES;
				CLANG_WARN_OBJC_IMPLICIT_RETAIN_SELF = YES;
				CLANG_WARN_OBJC_LITERAL_CONVERSION = YES;
				CLANG_WARN_OBJC_ROOT_CLASS = YES_ERROR;
				CLANG_WARN_QUOTED_INCLUDE_IN_FRAMEWORK_HEADER = YES;
				CLANG_WARN_RANGE_LOOP_ANALYSIS = YES;
				CLANG_WARN_STRICT_PROTOTYPES = YES;
				CLANG_WARN_SUSPICIOUS_MOVE = YES;
				CLANG_WARN_UNGUARDED_AVAILABILITY = YES_AGGRESSIVE;
				CLANG_WARN_UNREACHABLE_CODE = YES;
				CLANG_WARN__DUPLICATE_METHOD_MATCH = YES;
				COPY_PHASE_STRIP = NO;
				DEAD_CODE_STRIPPING = YES;
				DEBUG_INFORMATION_FORMAT = "dwarf-with-dsym";
				ENABLE_NS_ASSERTIONS = NO;
				ENABLE_STRICT_OBJC_MSGSEND = YES;
				ENABLE_USER_SCRIPT_SANDBOXING = YES;
				GCC_C_LANGUAGE_STANDARD = gnu17;
				GCC_NO_COMMON_BLOCKS = YES;
				GCC_WARN_64_TO_32_BIT_CONVERSION = YES;
				GCC_WARN_ABOUT_RETURN_TYPE = YES_ERROR;
				GCC_WARN_UNDECLARED_SELECTOR = YES;
				GCC_WARN_UNINITIALIZED_AUTOS = YES_AGGRESSIVE;
				GCC_WARN_UNUSED_FUNCTION = YES;
				GCC_WARN_UNUSED_VARIABLE = YES;
				IPHONEOS_DEPLOYMENT_TARGET = 17.0;
				LOCALIZATION_PREFERS_STRING_CATALOGS = YES;
				MTL_ENABLE_DEBUG_INFO = NO;
				MTL_FAST_MATH = YES;
				ONLY_ACTIVE_ARCH = NO;
				SWIFT_COMPILATION_MODE = wholemodule;
				WATCHOS_DEPLOYMENT_TARGET = 10.0;
			};
			name = Release;
		};
		54B9F2572B66A34B00DE5A38 /* Debug */ = {
			isa = XCBuildConfiguration;
			buildSettings = {
				ASSETCATALOG_COMPILER_APPICON_NAME = AppIcon;
				ASSETCATALOG_COMPILER_GLOBAL_ACCENT_COLOR_NAME = AccentColor;
				CODE_SIGN_STYLE = Automatic;
				CURRENT_PROJECT_VERSION = 1;
				DEVELOPMENT_ASSET_PATHS = "\"CurlingTimer Watch App/Preview Content\"";
				DEVELOPMENT_TEAM = R9W22HZP7P;
				ENABLE_PREVIEWS = YES;
				GENERATE_INFOPLIST_FILE = YES;
				INFOPLIST_KEY_CFBundleDisplayName = CurlingTimer;
				INFOPLIST_KEY_UISupportedInterfaceOrientations = "UIInterfaceOrientationPortrait UIInterfaceOrientationPortraitUpsideDown";
				INFOPLIST_KEY_WKCompanionAppBundleIdentifier = com.bevemyr.CurlingTimer;
				INFOPLIST_KEY_WKRunsIndependentlyOfCompanionApp = YES;
				LD_RUNPATH_SEARCH_PATHS = (
					"$(inherited)",
					"@executable_path/Frameworks",
				);
				MARKETING_VERSION = 1.0;
				PRODUCT_BUNDLE_IDENTIFIER = com.bevemyr.CurlingTimer.watchkitapp;
				PRODUCT_NAME = "$(TARGET_NAME)";
				SDKROOT = watchos;
				SKIP_INSTALL = YES;
				SWIFT_EMIT_LOC_STRINGS = YES;
				SWIFT_VERSION = 5.0;
				TARGETED_DEVICE_FAMILY = 4;
				WATCHOS_DEPLOYMENT_TARGET = 10.0;
			};
			name = Debug;
		};
		54B9F2582B66A34B00DE5A38 /* Release */ = {
			isa = XCBuildConfiguration;
			buildSettings = {
				ASSETCATALOG_COMPILER_APPICON_NAME = AppIcon;
				ASSETCATALOG_COMPILER_GLOBAL_ACCENT_COLOR_NAME = AccentColor;
				CODE_SIGN_STYLE = Automatic;
				CURRENT_PROJECT_VERSION = 1;
				DEVELOPMENT_ASSET_PATHS = "\"CurlingTimer Watch App/Preview Content\"";
				DEVELOPMENT_TEAM = R9W22HZP7P;
				ENABLE_PREVIEWS = YES;
				GENERATE_INFOPLIST_FILE = YES;
				INFOPLIST_KEY_CFBundleDisplayName = CurlingTimer;
				INFOPLIST_KEY_UISupportedInterfaceOrientations = "UIInterfaceOrientationPortrait UIInterfaceOrientationPortraitUpsideDown";
				INFOPLIST_KEY_WKCompanionAppBundleIdentifier = com.bevemyr.CurlingTimer;
				INFOPLIST_KEY_WKRunsIndependentlyOfCompanionApp = YES;
				LD_RUNPATH_SEARCH_PATHS = (
					"$(inherited)",
					"@executable_path/Frameworks",
				);
				MARKETING_VERSION = 1.0;
				PRODUCT_BUNDLE_IDENTIFIER = com.bevemyr.CurlingTimer.watchkitapp;
				PRODUCT_NAME = "$(TARGET_NAME)";
				SDKROOT = watchos;
				SKIP_INSTALL = YES;
				SWIFT_EMIT_LOC_STRINGS = YES;
				SWIFT_VERSION = 5.0;
				TARGETED_DEVICE_FAMILY = 4;
				VALIDATE_PRODUCT = YES;
				WATCHOS_DEPLOYMENT_TARGET = 10.0;
			};
			name = Release;
		};
		54B9F25B2B66A34B00DE5A38 /* Debug */ = {
			isa = XCBuildConfiguration;
			buildSettings = {
				ALWAYS_EMBED_SWIFT_STANDARD_LIBRARIES = YES;
				ASSETCATALOG_COMPILER_APPICON_NAME = AppIcon;
				ASSETCATALOG_COMPILER_GLOBAL_ACCENT_COLOR_NAME = AccentColor;
				CODE_SIGN_STYLE = Automatic;
				CURRENT_PROJECT_VERSION = 1;
				DEVELOPMENT_ASSET_PATHS = "\"CurlingTimer/Preview Content\"";
				DEVELOPMENT_TEAM = R9W22HZP7P;
				ENABLE_PREVIEWS = YES;
				GENERATE_INFOPLIST_FILE = YES;
				INFOPLIST_KEY_CFBundleDisplayName = CurlingTimer;
				INFOPLIST_KEY_LSApplicationCategoryType = "public.app-category.sports";
				INFOPLIST_KEY_UIApplicationSceneManifest_Generation = YES;
				INFOPLIST_KEY_UIApplicationSupportsIndirectInputEvents = YES;
				INFOPLIST_KEY_UILaunchScreen_Generation = YES;
				INFOPLIST_KEY_UISupportedInterfaceOrientations_iPad = "UIInterfaceOrientationPortrait UIInterfaceOrientationPortraitUpsideDown UIInterfaceOrientationLandscapeLeft UIInterfaceOrientationLandscapeRight";
				INFOPLIST_KEY_UISupportedInterfaceOrientations_iPhone = "UIInterfaceOrientationPortrait UIInterfaceOrientationLandscapeLeft UIInterfaceOrientationLandscapeRight";
				IPHONEOS_DEPLOYMENT_TARGET = 17.0;
				LD_RUNPATH_SEARCH_PATHS = (
					"$(inherited)",
					"@executable_path/Frameworks",
				);
				MARKETING_VERSION = 1.0;
				PRODUCT_BUNDLE_IDENTIFIER = com.bevemyr.CurlingTimer;
				PRODUCT_NAME = "$(TARGET_NAME)";
				SDKROOT = iphoneos;
				SUPPORTED_PLATFORMS = "iphoneos iphonesimulator";
				SUPPORTS_MACCATALYST = NO;
				SUPPORTS_MAC_DESIGNED_FOR_IPHONE_IPAD = NO;
				SUPPORTS_XR_DESIGNED_FOR_IPHONE_IPAD = NO;
				SWIFT_EMIT_LOC_STRINGS = YES;
				SWIFT_VERSION = 5.0;
				TARGETED_DEVICE_FAMILY = "1,2";
			};
			name = Debug;
		};
		54B9F25C2B66A34B00DE5A38 /* Release */ = {
			isa = XCBuildConfiguration;
			buildSettings = {
				ALWAYS_EMBED_SWIFT_STANDARD_LIBRARIES = YES;
				ASSETCATALOG_COMPILER_APPICON_NAME = AppIcon;
				ASSETCATALOG_COMPILER_GLOBAL_ACCENT_COLOR_NAME = AccentColor;
				CODE_SIGN_STYLE = Automatic;
				CURRENT_PROJECT_VERSION = 1;
				DEVELOPMENT_ASSET_PATHS = "\"CurlingTimer/Preview Content\"";
				DEVELOPMENT_TEAM = R9W22HZP7P;
				ENABLE_PREVIEWS = YES;
				GENERATE_INFOPLIST_FILE = YES;
				INFOPLIST_KEY_CFBundleDisplayName = CurlingTimer;
				INFOPLIST_KEY_LSApplicationCategoryType = "public.app-category.sports";
				INFOPLIST_KEY_UIApplicationSceneManifest_Generation = YES;
				INFOPLIST_KEY_UIApplicationSupportsIndirectInputEvents = YES;
				INFOPLIST_KEY_UILaunchScreen_Generation = YES;
				INFOPLIST_KEY_UISupportedInterfaceOrientations_iPad = "UIInterfaceOrientationPortrait UIInterfaceOrientationPortraitUpsideDown UIInterfaceOrientationLandscapeLeft UIInterfaceOrientationLandscapeRight";
				INFOPLIST_KEY_UISupportedInterfaceOrientations_iPhone = "UIInterfaceOrientationPortrait UIInterfaceOrientationLandscapeLeft UIInterfaceOrientationLandscapeRight";
				IPHONEOS_DEPLOYMENT_TARGET = 17.0;
				LD_RUNPATH_SEARCH_PATHS = (
					"$(inherited)",
					"@executable_path/Frameworks",
				);
				MARKETING_VERSION = 1.0;
				PRODUCT_BUNDLE_IDENTIFIER = com.bevemyr.CurlingTimer;
				PRODUCT_NAME = "$(TARGET_NAME)";
				SDKROOT = iphoneos;
				SUPPORTED_PLATFORMS = "iphoneos iphonesimulator";
				SUPPORTS_MACCATALYST = NO;
				SUPPORTS_MAC_DESIGNED_FOR_IPHONE_IPAD = NO;
				SUPPORTS_XR_DESIGNED_FOR_IPHONE_IPAD = NO;
				SWIFT_EMIT_LOC_STRINGS = YES;
				SWIFT_VERSION = 5.0;
				TARGETED_DEVICE_FAMILY = "1,2";
				VALIDATE_PRODUCT = YES;
			};
			name = Release;
		};
/* End XCBuildConfiguration section */

/* Begin XCConfigurationList section */
		54B9F2312B66A34800DE5A38 /* Build configuration list for PBXProject "CurlingTimer" */ = {
			isa = XCConfigurationList;
			buildConfigurations = (
				54B9F2542B66A34B00DE5A38 /* Debug */,
				54B9F2552B66A34B00DE5A38 /* Release */,
			);
			defaultConfigurationIsVisible = 0;
			defaultConfigurationName = Release;
		};
		54B9F2562B66A34B00DE5A38 /* Build configuration list for PBXNativeTarget "CurlingTimer Watch App" */ = {
			isa = XCConfigurationList;
			buildConfigurations = (
				54B9F2572B66A34B00DE5A38 /* Debug */,
				54B9F2582B66A34B00DE5A38 /* Release */,
			);
			defaultConfigurationIsVisible = 0;
			defaultConfigurationName = Release;
		};
		54B9F25A2B66A34B00DE5A38 /* Build configuration list for PBXNativeTarget "CurlingTimer" */ = {
			isa = XCConfigurationList;
			buildConfigurations = (
				54B9F25B2B66A34B00DE5A38 /* Debug */,
				54B9F25C2B66A34B00DE5A38 /* Release */,
			);
			defaultConfigurationIsVisible = 0;
			defaultConfigurationName = Release;
		};
/* End XCConfigurationList section */
	};
	rootObject = 54B9F22E2B66A34800DE5A38 /* Project object */;
}
